
Microsoft Visual Studio Solution File, Format Version 12.00
# Visual Studio Version 17
VisualStudioVersion = 17.11.35327.3
MinimumVisualStudioVersion = 10.0.40219.1
Project("{FAE04EC0-301F-11D3-BF4B-00C04F79EFBC}") = "TP2EX8", "TP2EX8\TP2EX8.csproj", "{9A51665A-7281-4D68-98CC-C8CA0516AD10}"
EndProject
Global
	GlobalSection(SolutionConfigurationPlatforms) = preSolution
		Debug|Any CPU = Debug|Any CPU
		Release|Any CPU = Release|Any CPU
	EndGlobalSection
	GlobalSection(ProjectConfigurationPlatforms) = postSolution
		{9A51665A-7281-4D68-98CC-C8CA0516AD10}.Debug|Any CPU.ActiveCfg = Debug|Any CPU
		{9A51665A-7281-4D68-98CC-C8CA0516AD10}.Debug|Any CPU.Build.0 = Debug|Any CPU
		{9A51665A-7281-4D68-98CC-C8CA0516AD10}.Release|Any CPU.ActiveCfg = Release|Any CPU
		{9A51665A-7281-4D68-98CC-C8CA0516AD10}.Release|Any CPU.Build.0 = Release|Any CPU
	EndGlobalSection
	GlobalSection(SolutionProperties) = preSolution
		HideSolutionNode = FALSE
	EndGlobalSection
	GlobalSection(ExtensibilityGlobals) = postSolution
		SolutionGuid = {7BCF59AA-D07B-49D1-B782-EEF3E119398E}
	EndGlobalSection
EndGlobal
