
Microsoft Visual Studio Solution File, Format Version 12.00
# Visual Studio Version 17
VisualStudioVersion = 17.11.35312.102
MinimumVisualStudioVersion = 10.0.40219.1
Project("{FAE04EC0-301F-11D3-BF4B-00C04F79EFBC}") = "TP1", "TP1\TP1.csproj", "{F08A448C-AED4-403E-8503-4126F65BBE2F}"
EndProject
Global
	GlobalSection(SolutionConfigurationPlatforms) = preSolution
		Debug|Any CPU = Debug|Any CPU
		Release|Any CPU = Release|Any CPU
	EndGlobalSection
	GlobalSection(ProjectConfigurationPlatforms) = postSolution
		{F08A448C-AED4-403E-8503-4126F65BBE2F}.Debug|Any CPU.ActiveCfg = Debug|Any CPU
		{F08A448C-AED4-403E-8503-4126F65BBE2F}.Debug|Any CPU.Build.0 = Debug|Any CPU
		{F08A448C-AED4-403E-8503-4126F65BBE2F}.Release|Any CPU.ActiveCfg = Release|Any CPU
		{F08A448C-AED4-403E-8503-4126F65BBE2F}.Release|Any CPU.Build.0 = Release|Any CPU
	EndGlobalSection
	GlobalSection(SolutionProperties) = preSolution
		HideSolutionNode = FALSE
	EndGlobalSection
	GlobalSection(ExtensibilityGlobals) = postSolution
		SolutionGuid = {BA76EF25-F622-4332-972C-7C039A6A7B9B}
	EndGlobalSection
EndGlobal
